// !$*UTF8*$!
{
	archiveVersion = 1;
	classes = {
	};
	objectVersion = 46;
	objects = {

/* Begin PBXBuildFile section */
		DDCF71801E849A91003CEB7C /* AppDelegate.swift in Sources */ = {isa = PBXBuildFile; fileRef = DDCF717F1E849A91003CEB7C /* AppDelegate.swift */; };
		DDCF71821E849A91003CEB7C /* ViewController.swift in Sources */ = {isa = PBXBuildFile; fileRef = DDCF71811E849A91003CEB7C /* ViewController.swift */; };
		DDCF71851E849A91003CEB7C /* Main.storyboard in Resources */ = {isa = PBXBuildFile; fileRef = DDCF71831E849A91003CEB7C /* Main.storyboard */; };
		DDCF71871E849A91003CEB7C /* Assets.xcassets in Resources */ = {isa = PBXBuildFile; fileRef = DDCF71861E849A91003CEB7C /* Assets.xcassets */; };
		DDCF718A1E849A91003CEB7C /* LaunchScreen.storyboard in Resources */ = {isa = PBXBuildFile; fileRef = DDCF71881E849A91003CEB7C /* LaunchScreen.storyboard */; };
		DDCF71951E849A91003CEB7C /* LineGenerator_v2_0Tests.swift in Sources */ = {isa = PBXBuildFile; fileRef = DDCF71941E849A91003CEB7C /* LineGenerator_v2_0Tests.swift */; };
		DDCF71A01E849A91003CEB7C /* LineGenerator_v2_0UITests.swift in Sources */ = {isa = PBXBuildFile; fileRef = DDCF719F1E849A91003CEB7C /* LineGenerator_v2_0UITests.swift */; };
/* End PBXBuildFile section */

/* Begin PBXContainerItemProxy section */
		DDCF71911E849A91003CEB7C /* PBXContainerItemProxy */ = {
			isa = PBXContainerItemProxy;
			containerPortal = DDCF71741E849A91003CEB7C /* Project object */;
			proxyType = 1;
			remoteGlobalIDString = DDCF717B1E849A91003CEB7C;
			remoteInfo = LineGenerator_v2.0;
		};
		DDCF719C1E849A91003CEB7C /* PBXContainerItemProxy */ = {
			isa = PBXContainerItemProxy;
			containerPortal = DDCF71741E849A91003CEB7C /* Project object */;
			proxyType = 1;
			remoteGlobalIDString = DDCF717B1E849A91003CEB7C;
			remoteInfo = LineGenerator_v2.0;
		};
/* End PBXContainerItemProxy section */

/* Begin PBXFileReference section */
		DDCF717C1E849A91003CEB7C /* LineGenerator_v2.0.app */ = {isa = PBXFileReference; explicitFileType = wrapper.application; includeInIndex = 0; path = LineGenerator_v2.0.app; sourceTree = BUILT_PRODUCTS_DIR; };
		DDCF717F1E849A91003CEB7C /* AppDelegate.swift */ = {isa = PBXFileReference; lastKnownFileType = sourcecode.swift; path = AppDelegate.swift; sourceTree = "<group>"; };
		DDCF71811E849A91003CEB7C /* ViewController.swift */ = {isa = PBXFileReference; lastKnownFileType = sourcecode.swift; path = ViewController.swift; sourceTree = "<group>"; };
		DDCF71841E849A91003CEB7C /* Base */ = {isa = PBXFileReference; lastKnownFileType = file.storyboard; name = Base; path = Base.lproj/Main.storyboard; sourceTree = "<group>"; };
		DDCF71861E849A91003CEB7C /* Assets.xcassets */ = {isa = PBXFileReference; lastKnownFileType = folder.assetcatalog; path = Assets.xcassets; sourceTree = "<group>"; };
		DDCF71891E849A91003CEB7C /* Base */ = {isa = PBXFileReference; lastKnownFileType = file.storyboard; name = Base; path = Base.lproj/LaunchScreen.storyboard; sourceTree = "<group>"; };
		DDCF718B1E849A91003CEB7C /* Info.plist */ = {isa = PBXFileReference; lastKnownFileType = text.plist.xml; path = Info.plist; sourceTree = "<group>"; };
		DDCF71901E849A91003CEB7C /* LineGenerator_v2.0Tests.xctest */ = {isa = PBXFileReference; explicitFileType = wrapper.cfbundle; includeInIndex = 0; path = LineGenerator_v2.0Tests.xctest; sourceTree = BUILT_PRODUCTS_DIR; };
		DDCF71941E849A91003CEB7C /* LineGenerator_v2_0Tests.swift */ = {isa = PBXFileReference; lastKnownFileType = sourcecode.swift; path = LineGenerator_v2_0Tests.swift; sourceTree = "<group>"; };
		DDCF71961E849A91003CEB7C /* Info.plist */ = {isa = PBXFileReference; lastKnownFileType = text.plist.xml; path = Info.plist; sourceTree = "<group>"; };
		DDCF719B1E849A91003CEB7C /* LineGenerator_v2.0UITests.xctest */ = {isa = PBXFileReference; explicitFileType = wrapper.cfbundle; includeInIndex = 0; path = LineGenerator_v2.0UITests.xctest; sourceTree = BUILT_PRODUCTS_DIR; };
		DDCF719F1E849A91003CEB7C /* LineGenerator_v2_0UITests.swift */ = {isa = PBXFileReference; lastKnownFileType = sourcecode.swift; path = LineGenerator_v2_0UITests.swift; sourceTree = "<group>"; };
		DDCF71A11E849A91003CEB7C /* Info.plist */ = {isa = PBXFileReference; lastKnownFileType = text.plist.xml; path = Info.plist; sourceTree = "<group>"; };
/* End PBXFileReference section */

/* Begin PBXFrameworksBuildPhase section */
		DDCF71791E849A91003CEB7C /* Frameworks */ = {
			isa = PBXFrameworksBuildPhase;
			buildActionMask = 2147483647;
			files = (
			);
			runOnlyForDeploymentPostprocessing = 0;
		};
		DDCF718D1E849A91003CEB7C /* Frameworks */ = {
			isa = PBXFrameworksBuildPhase;
			buildActionMask = 2147483647;
			files = (
			);
			runOnlyForDeploymentPostprocessing = 0;
		};
		DDCF71981E849A91003CEB7C /* Frameworks */ = {
			isa = PBXFrameworksBuildPhase;
			buildActionMask = 2147483647;
			files = (
			);
			runOnlyForDeploymentPostprocessing = 0;
		};
/* End PBXFrameworksBuildPhase section */

/* Begin PBXGroup section */
		DDCF71731E849A91003CEB7C = {
			isa = PBXGroup;
			children = (
				DDCF717E1E849A91003CEB7C /* LineGenerator_v2.0 */,
				DDCF71931E849A91003CEB7C /* LineGenerator_v2.0Tests */,
				DDCF719E1E849A91003CEB7C /* LineGenerator_v2.0UITests */,
				DDCF717D1E849A91003CEB7C /* Products */,
			);
			sourceTree = "<group>";
		};
		DDCF717D1E849A91003CEB7C /* Products */ = {
			isa = PBXGroup;
			children = (
				DDCF717C1E849A91003CEB7C /* LineGenerator_v2.0.app */,
				DDCF71901E849A91003CEB7C /* LineGenerator_v2.0Tests.xctest */,
				DDCF719B1E849A91003CEB7C /* LineGenerator_v2.0UITests.xctest */,
			);
			name = Products;
			sourceTree = "<group>";
		};
		DDCF717E1E849A91003CEB7C /* LineGenerator_v2.0 */ = {
			isa = PBXGroup;
			children = (
				DDCF717F1E849A91003CEB7C /* AppDelegate.swift */,
				DDCF71811E849A91003CEB7C /* ViewController.swift */,
				DDCF71831E849A91003CEB7C /* Main.storyboard */,
				DDCF71861E849A91003CEB7C /* Assets.xcassets */,
				DDCF71881E849A91003CEB7C /* LaunchScreen.storyboard */,
				DDCF718B1E849A91003CEB7C /* Info.plist */,
			);
			path = LineGenerator_v2.0;
			sourceTree = "<group>";
		};
		DDCF71931E849A91003CEB7C /* LineGenerator_v2.0Tests */ = {
			isa = PBXGroup;
			children = (
				DDCF71941E849A91003CEB7C /* LineGenerator_v2_0Tests.swift */,
				DDCF71961E849A91003CEB7C /* Info.plist */,
			);
			path = LineGenerator_v2.0Tests;
			sourceTree = "<group>";
		};
		DDCF719E1E849A91003CEB7C /* LineGenerator_v2.0UITests */ = {
			isa = PBXGroup;
			children = (
				DDCF719F1E849A91003CEB7C /* LineGenerator_v2_0UITests.swift */,
				DDCF71A11E849A91003CEB7C /* Info.plist */,
			);
			path = LineGenerator_v2.0UITests;
			sourceTree = "<group>";
		};
/* End PBXGroup section */

/* Begin PBXNativeTarget section */
		DDCF717B1E849A91003CEB7C /* LineGenerator_v2.0 */ = {
			isa = PBXNativeTarget;
			buildConfigurationList = DDCF71A41E849A91003CEB7C /* Build configuration list for PBXNativeTarget "LineGenerator_v2.0" */;
			buildPhases = (
				DDCF71781E849A91003CEB7C /* Sources */,
				DDCF71791E849A91003CEB7C /* Frameworks */,
				DDCF717A1E849A91003CEB7C /* Resources */,
			);
			buildRules = (
			);
			dependencies = (
			);
			name = LineGenerator_v2.0;
			productName = LineGenerator_v2.0;
			productReference = DDCF717C1E849A91003CEB7C /* LineGenerator_v2.0.app */;
			productType = "com.apple.product-type.application";
		};
		DDCF718F1E849A91003CEB7C /* LineGenerator_v2.0Tests */ = {
			isa = PBXNativeTarget;
			buildConfigurationList = DDCF71A71E849A91003CEB7C /* Build configuration list for PBXNativeTarget "LineGenerator_v2.0Tests" */;
			buildPhases = (
				DDCF718C1E849A91003CEB7C /* Sources */,
				DDCF718D1E849A91003CEB7C /* Frameworks */,
				DDCF718E1E849A91003CEB7C /* Resources */,
			);
			buildRules = (
			);
			dependencies = (
				DDCF71921E849A91003CEB7C /* PBXTargetDependency */,
			);
			name = LineGenerator_v2.0Tests;
			productName = LineGenerator_v2.0Tests;
			productReference = DDCF71901E849A91003CEB7C /* LineGenerator_v2.0Tests.xctest */;
			productType = "com.apple.product-type.bundle.unit-test";
		};
		DDCF719A1E849A91003CEB7C /* LineGenerator_v2.0UITests */ = {
			isa = PBXNativeTarget;
			buildConfigurationList = DDCF71AA1E849A91003CEB7C /* Build configuration list for PBXNativeTarget "LineGenerator_v2.0UITests" */;
			buildPhases = (
				DDCF71971E849A91003CEB7C /* Sources */,
				DDCF71981E849A91003CEB7C /* Frameworks */,
				DDCF71991E849A91003CEB7C /* Resources */,
			);
			buildRules = (
			);
			dependencies = (
				DDCF719D1E849A91003CEB7C /* PBXTargetDependency */,
			);
			name = LineGenerator_v2.0UITests;
			productName = LineGenerator_v2.0UITests;
			productReference = DDCF719B1E849A91003CEB7C /* LineGenerator_v2.0UITests.xctest */;
			productType = "com.apple.product-type.bundle.ui-testing";
		};
/* End PBXNativeTarget section */

/* Begin PBXProject section */
		DDCF71741E849A91003CEB7C /* Project object */ = {
			isa = PBXProject;
			attributes = {
				LastSwiftUpdateCheck = 0820;
				LastUpgradeCheck = 0820;
				ORGANIZATIONNAME = AJ;
				TargetAttributes = {
					DDCF717B1E849A91003CEB7C = {
						CreatedOnToolsVersion = 8.2.1;
						ProvisioningStyle = Automatic;
					};
					DDCF718F1E849A91003CEB7C = {
						CreatedOnToolsVersion = 8.2.1;
						ProvisioningStyle = Automatic;
						TestTargetID = DDCF717B1E849A91003CEB7C;
					};
					DDCF719A1E849A91003CEB7C = {
						CreatedOnToolsVersion = 8.2.1;
						ProvisioningStyle = Automatic;
						TestTargetID = DDCF717B1E849A91003CEB7C;
					};
				};
			};
			buildConfigurationList = DDCF71771E849A91003CEB7C /* Build configuration list for PBXProject "LineGenerator_v2.0" */;
			compatibilityVersion = "Xcode 3.2";
			developmentRegion = English;
			hasScannedForEncodings = 0;
			knownRegions = (
				en,
				Base,
			);
			mainGroup = DDCF71731E849A91003CEB7C;
			productRefGroup = DDCF717D1E849A91003CEB7C /* Products */;
			projectDirPath = "";
			projectRoot = "";
			targets = (
				DDCF717B1E849A91003CEB7C /* LineGenerator_v2.0 */,
				DDCF718F1E849A91003CEB7C /* LineGenerator_v2.0Tests */,
				DDCF719A1E849A91003CEB7C /* LineGenerator_v2.0UITests */,
			);
		};
/* End PBXProject section */

/* Begin PBXResourcesBuildPhase section */
		DDCF717A1E849A91003CEB7C /* Resources */ = {
			isa = PBXResourcesBuildPhase;
			buildActionMask = 2147483647;
			files = (
				DDCF718A1E849A91003CEB7C /* LaunchScreen.storyboard in Resources */,
				DDCF71871E849A91003CEB7C /* Assets.xcassets in Resources */,
				DDCF71851E849A91003CEB7C /* Main.storyboard in Resources */,
			);
			runOnlyForDeploymentPostprocessing = 0;
		};
		DDCF718E1E849A91003CEB7C /* Resources */ = {
			isa = PBXResourcesBuildPhase;
			buildActionMask = 2147483647;
			files = (
			);
			runOnlyForDeploymentPostprocessing = 0;
		};
		DDCF71991E849A91003CEB7C /* Resources */ = {
			isa = PBXResourcesBuildPhase;
			buildActionMask = 2147483647;
			files = (
			);
			runOnlyForDeploymentPostprocessing = 0;
		};
/* End PBXResourcesBuildPhase section */

/* Begin PBXSourcesBuildPhase section */
		DDCF71781E849A91003CEB7C /* Sources */ = {
			isa = PBXSourcesBuildPhase;
			buildActionMask = 2147483647;
			files = (
				DDCF71821E849A91003CEB7C /* ViewController.swift in Sources */,
				DDCF71801E849A91003CEB7C /* AppDelegate.swift in Sources */,
			);
			runOnlyForDeploymentPostprocessing = 0;
		};
		DDCF718C1E849A91003CEB7C /* Sources */ = {
			isa = PBXSourcesBuildPhase;
			buildActionMask = 2147483647;
			files = (
				DDCF71951E849A91003CEB7C /* LineGenerator_v2_0Tests.swift in Sources */,
			);
			runOnlyForDeploymentPostprocessing = 0;
		};
		DDCF71971E849A91003CEB7C /* Sources */ = {
			isa = PBXSourcesBuildPhase;
			buildActionMask = 2147483647;
			files = (
				DDCF71A01E849A91003CEB7C /* LineGenerator_v2_0UITests.swift in Sources */,
			);
			runOnlyForDeploymentPostprocessing = 0;
		};
/* End PBXSourcesBuildPhase section */

/* Begin PBXTargetDependency section */
		DDCF71921E849A91003CEB7C /* PBXTargetDependency */ = {
			isa = PBXTargetDependency;
			target = DDCF717B1E849A91003CEB7C /* LineGenerator_v2.0 */;
			targetProxy = DDCF71911E849A91003CEB7C /* PBXContainerItemProxy */;
		};
		DDCF719D1E849A91003CEB7C /* PBXTargetDependency */ = {
			isa = PBXTargetDependency;
			target = DDCF717B1E849A91003CEB7C /* LineGenerator_v2.0 */;
			targetProxy = DDCF719C1E849A91003CEB7C /* PBXContainerItemProxy */;
		};
/* End PBXTargetDependency section */

/* Begin PBXVariantGroup section */
		DDCF71831E849A91003CEB7C /* Main.storyboard */ = {
			isa = PBXVariantGroup;
			children = (
				DDCF71841E849A91003CEB7C /* Base */,
			);
			name = Main.storyboard;
			sourceTree = "<group>";
		};
		DDCF71881E849A91003CEB7C /* LaunchScreen.storyboard */ = {
			isa = PBXVariantGroup;
			children = (
				DDCF71891E849A91003CEB7C /* Base */,
			);
			name = LaunchScreen.storyboard;
			sourceTree = "<group>";
		};
/* End PBXVariantGroup section */

/* Begin XCBuildConfiguration section */
		DDCF71A21E849A91003CEB7C /* Debug */ = {
			isa = XCBuildConfiguration;
			buildSettings = {
				ALWAYS_SEARCH_USER_PATHS = NO;
				CLANG_ANALYZER_NONNULL = YES;
				CLANG_CXX_LANGUAGE_STANDARD = "gnu++0x";
				CLANG_CXX_LIBRARY = "libc++";
				CLANG_ENABLE_MODULES = YES;
				CLANG_ENABLE_OBJC_ARC = YES;
				CLANG_WARN_BOOL_CONVERSION = YES;
				CLANG_WARN_CONSTANT_CONVERSION = YES;
				CLANG_WARN_DIRECT_OBJC_ISA_USAGE = YES_ERROR;
				CLANG_WARN_DOCUMENTATION_COMMENTS = YES;
				CLANG_WARN_EMPTY_BODY = YES;
				CLANG_WARN_ENUM_CONVERSION = YES;
				CLANG_WARN_INFINITE_RECURSION = YES;
				CLANG_WARN_INT_CONVERSION = YES;
				CLANG_WARN_OBJC_ROOT_CLASS = YES_ERROR;
				CLANG_WARN_SUSPICIOUS_MOVE = YES;
				CLANG_WARN_UNREACHABLE_CODE = YES;
				CLANG_WARN__DUPLICATE_METHOD_MATCH = YES;
				"CODE_SIGN_IDENTITY[sdk=iphoneos*]" = "iPhone Developer";
				COPY_PHASE_STRIP = NO;
				DEBUG_INFORMATION_FORMAT = dwarf;
				ENABLE_STRICT_OBJC_MSGSEND = YES;
				ENABLE_TESTABILITY = YES;
				GCC_C_LANGUAGE_STANDARD = gnu99;
				GCC_DYNAMIC_NO_PIC = NO;
				GCC_NO_COMMON_BLOCKS = YES;
				GCC_OPTIMIZATION_LEVEL = 0;
				GCC_PREPROCESSOR_DEFINITIONS = (
					"DEBUG=1",
					"$(inherited)",
				);
				GCC_WARN_64_TO_32_BIT_CONVERSION = YES;
				GCC_WARN_ABOUT_RETURN_TYPE = YES_ERROR;
				GCC_WARN_UNDECLARED_SELECTOR = YES;
				GCC_WARN_UNINITIALIZED_AUTOS = YES_AGGRESSIVE;
				GCC_WARN_UNUSED_FUNCTION = YES;
				GCC_WARN_UNUSED_VARIABLE = YES;
				IPHONEOS_DEPLOYMENT_TARGET = 10.2;
				MTL_ENABLE_DEBUG_INFO = YES;
				ONLY_ACTIVE_ARCH = YES;
				SDKROOT = iphoneos;
				SWIFT_ACTIVE_COMPILATION_CONDITIONS = DEBUG;
				SWIFT_OPTIMIZATION_LEVEL = "-Onone";
			};
			name = Debug;
		};
		DDCF71A31E849A91003CEB7C /* Release */ = {
			isa = XCBuildConfiguration;
			buildSettings = {
				ALWAYS_SEARCH_USER_PATHS = NO;
				CLANG_ANALYZER_NONNULL = YES;
				CLANG_CXX_LANGUAGE_STANDARD = "gnu++0x";
				CLANG_CXX_LIBRARY = "libc++";
				CLANG_ENABLE_MODULES = YES;
				CLANG_ENABLE_OBJC_ARC = YES;
				CLANG_WARN_BOOL_CONVERSION = YES;
				CLANG_WARN_CONSTANT_CONVERSION = YES;
				CLANG_WARN_DIRECT_OBJC_ISA_USAGE = YES_ERROR;
				CLANG_WARN_DOCUMENTATION_COMMENTS = YES;
				CLANG_WARN_EMPTY_BODY = YES;
				CLANG_WARN_ENUM_CONVERSION = YES;
				CLANG_WARN_INFINITE_RECURSION = YES;
				CLANG_WARN_INT_CONVERSION = YES;
				CLANG_WARN_OBJC_ROOT_CLASS = YES_ERROR;
				CLANG_WARN_SUSPICIOUS_MOVE = YES;
				CLANG_WARN_UNREACHABLE_CODE = YES;
				CLANG_WARN__DUPLICATE_METHOD_MATCH = YES;
				"CODE_SIGN_IDENTITY[sdk=iphoneos*]" = "iPhone Developer";
				COPY_PHASE_STRIP = NO;
				DEBUG_INFORMATION_FORMAT = "dwarf-with-dsym";
				ENABLE_NS_ASSERTIONS = NO;
				ENABLE_STRICT_OBJC_MSGSEND = YES;
				GCC_C_LANGUAGE_STANDARD = gnu99;
				GCC_NO_COMMON_BLOCKS = YES;
				GCC_WARN_64_TO_32_BIT_CONVERSION = YES;
				GCC_WARN_ABOUT_RETURN_TYPE = YES_ERROR;
				GCC_WARN_UNDECLARED_SELECTOR = YES;
				GCC_WARN_UNINITIALIZED_AUTOS = YES_AGGRESSIVE;
				GCC_WARN_UNUSED_FUNCTION = YES;
				GCC_WARN_UNUSED_VARIABLE = YES;
				IPHONEOS_DEPLOYMENT_TARGET = 10.2;
				MTL_ENABLE_DEBUG_INFO = NO;
				SDKROOT = iphoneos;
				SWIFT_OPTIMIZATION_LEVEL = "-Owholemodule";
				VALIDATE_PRODUCT = YES;
			};
			name = Release;
		};
		DDCF71A51E849A91003CEB7C /* Debug */ = {
			isa = XCBuildConfiguration;
			buildSettings = {
				ASSETCATALOG_COMPILER_APPICON_NAME = AppIcon;
				INFOPLIST_FILE = LineGenerator_v2.0/Info.plist;
				LD_RUNPATH_SEARCH_PATHS = "$(inherited) @executable_path/Frameworks";
				PRODUCT_BUNDLE_IDENTIFIER = "aj.LineGenerator-v2-0";
				PRODUCT_NAME = "$(TARGET_NAME)";
				SWIFT_VERSION = 3.0;
			};
			name = Debug;
		};
		DDCF71A61E849A91003CEB7C /* Release */ = {
			isa = XCBuildConfiguration;
			buildSettings = {
				ASSETCATALOG_COMPILER_APPICON_NAME = AppIcon;
				INFOPLIST_FILE = LineGenerator_v2.0/Info.plist;
				LD_RUNPATH_SEARCH_PATHS = "$(inherited) @executable_path/Frameworks";
				PRODUCT_BUNDLE_IDENTIFIER = "aj.LineGenerator-v2-0";
				PRODUCT_NAME = "$(TARGET_NAME)";
				SWIFT_VERSION = 3.0;
			};
			name = Release;
		};
		DDCF71A81E849A91003CEB7C /* Debug */ = {
			isa = XCBuildConfiguration;
			buildSettings = {
				ALWAYS_EMBED_SWIFT_STANDARD_LIBRARIES = YES;
				BUNDLE_LOADER = "$(TEST_HOST)";
				INFOPLIST_FILE = LineGenerator_v2.0Tests/Info.plist;
				LD_RUNPATH_SEARCH_PATHS = "$(inherited) @executable_path/Frameworks @loader_path/Frameworks";
				PRODUCT_BUNDLE_IDENTIFIER = "aj.LineGenerator-v2-0Tests";
				PRODUCT_NAME = "$(TARGET_NAME)";
				SWIFT_VERSION = 3.0;
				TEST_HOST = "$(BUILT_PRODUCTS_DIR)/LineGenerator_v2.0.app/LineGenerator_v2.0";
			};
			name = Debug;
		};
		DDCF71A91E849A91003CEB7C /* Release */ = {
			isa = XCBuildConfiguration;
			buildSettings = {
				ALWAYS_EMBED_SWIFT_STANDARD_LIBRARIES = YES;
				BUNDLE_LOADER = "$(TEST_HOST)";
				INFOPLIST_FILE = LineGenerator_v2.0Tests/Info.plist;
				LD_RUNPATH_SEARCH_PATHS = "$(inherited) @executable_path/Frameworks @loader_path/Frameworks";
				PRODUCT_BUNDLE_IDENTIFIER = "aj.LineGenerator-v2-0Tests";
				PRODUCT_NAME = "$(TARGET_NAME)";
				SWIFT_VERSION = 3.0;
				TEST_HOST = "$(BUILT_PRODUCTS_DIR)/LineGenerator_v2.0.app/LineGenerator_v2.0";
			};
			name = Release;
		};
		DDCF71AB1E849A91003CEB7C /* Debug */ = {
			isa = XCBuildConfiguration;
			buildSettings = {
				ALWAYS_EMBED_SWIFT_STANDARD_LIBRARIES = YES;
				INFOPLIST_FILE = LineGenerator_v2.0UITests/Info.plist;
				LD_RUNPATH_SEARCH_PATHS = "$(inherited) @executable_path/Frameworks @loader_path/Frameworks";
				PRODUCT_BUNDLE_IDENTIFIER = "aj.LineGenerator-v2-0UITests";
				PRODUCT_NAME = "$(TARGET_NAME)";
				SWIFT_VERSION = 3.0;
				TEST_TARGET_NAME = LineGenerator_v2.0;
			};
			name = Debug;
		};
		DDCF71AC1E849A91003CEB7C /* Release */ = {
			isa = XCBuildConfiguration;
			buildSettings = {
				ALWAYS_EMBED_SWIFT_STANDARD_LIBRARIES = YES;
				INFOPLIST_FILE = LineGenerator_v2.0UITests/Info.plist;
				LD_RUNPATH_SEARCH_PATHS = "$(inherited) @executable_path/Frameworks @loader_path/Frameworks";
				PRODUCT_BUNDLE_IDENTIFIER = "aj.LineGenerator-v2-0UITests";
				PRODUCT_NAME = "$(TARGET_NAME)";
				SWIFT_VERSION = 3.0;
				TEST_TARGET_NAME = LineGenerator_v2.0;
			};
			name = Release;
		};
/* End XCBuildConfiguration section */

/* Begin XCConfigurationList section */
		DDCF71771E849A91003CEB7C /* Build configuration list for PBXProject "LineGenerator_v2.0" */ = {
			isa = XCConfigurationList;
			buildConfigurations = (
				DDCF71A21E849A91003CEB7C /* Debug */,
				DDCF71A31E849A91003CEB7C /* Release */,
			);
			defaultConfigurationIsVisible = 0;
			defaultConfigurationName = Release;
		};
		DDCF71A41E849A91003CEB7C /* Build configuration list for PBXNativeTarget "LineGenerator_v2.0" */ = {
			isa = XCConfigurationList;
			buildConfigurations = (
				DDCF71A51E849A91003CEB7C /* Debug */,
				DDCF71A61E849A91003CEB7C /* Release */,
			);
			defaultConfigurationIsVisible = 0;
		};
		DDCF71A71E849A91003CEB7C /* Build configuration list for PBXNativeTarget "LineGenerator_v2.0Tests" */ = {
			isa = XCConfigurationList;
			buildConfigurations = (
				DDCF71A81E849A91003CEB7C /* Debug */,
				DDCF71A91E849A91003CEB7C /* Release */,
			);
			defaultConfigurationIsVisible = 0;
		};
		DDCF71AA1E849A91003CEB7C /* Build configuration list for PBXNativeTarget "LineGenerator_v2.0UITests" */ = {
			isa = XCConfigurationList;
			buildConfigurations = (
				DDCF71AB1E849A91003CEB7C /* Debug */,
				DDCF71AC1E849A91003CEB7C /* Release */,
			);
			defaultConfigurationIsVisible = 0;
		};
/* End XCConfigurationList section */
	};
	rootObject = DDCF71741E849A91003CEB7C /* Project object */;
}
